// !$*UTF8*$!
{
	archiveVersion = 1;
	classes = {
	};
	objectVersion = 46;
	objects = {

/* Begin PBXBuildFile section */
		3F967A421CB5614C00B80CD4 /* AppDelegate.swift in Sources */ = {isa = PBXBuildFile; fileRef = 3F967A411CB5614C00B80CD4 /* AppDelegate.swift */; };
		3F967A441CB5614C00B80CD4 /* ViewController.swift in Sources */ = {isa = PBXBuildFile; fileRef = 3F967A431CB5614C00B80CD4 /* ViewController.swift */; };
		3F967A471CB5614C00B80CD4 /* Main.storyboard in Resources */ = {isa = PBXBuildFile; fileRef = 3F967A451CB5614C00B80CD4 /* Main.storyboard */; };
		3F967A491CB5614C00B80CD4 /* Assets.xcassets in Resources */ = {isa = PBXBuildFile; fileRef = 3F967A481CB5614C00B80CD4 /* Assets.xcassets */; };
		3F967A4C1CB5614C00B80CD4 /* LaunchScreen.storyboard in Resources */ = {isa = PBXBuildFile; fileRef = 3F967A4A1CB5614C00B80CD4 /* LaunchScreen.storyboard */; };
		3F967A571CB5614C00B80CD4 /* Ketchup_KatcherTests.swift in Sources */ = {isa = PBXBuildFile; fileRef = 3F967A561CB5614C00B80CD4 /* Ketchup_KatcherTests.swift */; };
		3F967A621CB5614C00B80CD4 /* Ketchup_KatcherUITests.swift in Sources */ = {isa = PBXBuildFile; fileRef = 3F967A611CB5614C00B80CD4 /* Ketchup_KatcherUITests.swift */; };
/* End PBXBuildFile section */

/* Begin PBXContainerItemProxy section */
		3F967A531CB5614C00B80CD4 /* PBXContainerItemProxy */ = {
			isa = PBXContainerItemProxy;
			containerPortal = 3F967A361CB5614C00B80CD4 /* Project object */;
			proxyType = 1;
			remoteGlobalIDString = 3F967A3D1CB5614C00B80CD4;
			remoteInfo = "Ketchup Katcher";
		};
		3F967A5E1CB5614C00B80CD4 /* PBXContainerItemProxy */ = {
			isa = PBXContainerItemProxy;
			containerPortal = 3F967A361CB5614C00B80CD4 /* Project object */;
			proxyType = 1;
			remoteGlobalIDString = 3F967A3D1CB5614C00B80CD4;
			remoteInfo = "Ketchup Katcher";
		};
/* End PBXContainerItemProxy section */

/* Begin PBXFileReference section */
		3F967A3E1CB5614C00B80CD4 /* Ketchup Katcher.app */ = {isa = PBXFileReference; explicitFileType = wrapper.application; includeInIndex = 0; path = "Ketchup Katcher.app"; sourceTree = BUILT_PRODUCTS_DIR; };
		3F967A411CB5614C00B80CD4 /* AppDelegate.swift */ = {isa = PBXFileReference; lastKnownFileType = sourcecode.swift; path = AppDelegate.swift; sourceTree = "<group>"; };
		3F967A431CB5614C00B80CD4 /* ViewController.swift */ = {isa = PBXFileReference; lastKnownFileType = sourcecode.swift; path = ViewController.swift; sourceTree = "<group>"; };
		3F967A461CB5614C00B80CD4 /* Base */ = {isa = PBXFileReference; lastKnownFileType = file.storyboard; name = Base; path = Base.lproj/Main.storyboard; sourceTree = "<group>"; };
		3F967A481CB5614C00B80CD4 /* Assets.xcassets */ = {isa = PBXFileReference; lastKnownFileType = folder.assetcatalog; path = Assets.xcassets; sourceTree = "<group>"; };
		3F967A4B1CB5614C00B80CD4 /* Base */ = {isa = PBXFileReference; lastKnownFileType = file.storyboard; name = Base; path = Base.lproj/LaunchScreen.storyboard; sourceTree = "<group>"; };
		3F967A4D1CB5614C00B80CD4 /* Info.plist */ = {isa = PBXFileReference; lastKnownFileType = text.plist.xml; path = Info.plist; sourceTree = "<group>"; };
		3F967A521CB5614C00B80CD4 /* Ketchup KatcherTests.xctest */ = {isa = PBXFileReference; explicitFileType = wrapper.cfbundle; includeInIndex = 0; path = "Ketchup KatcherTests.xctest"; sourceTree = BUILT_PRODUCTS_DIR; };
		3F967A561CB5614C00B80CD4 /* Ketchup_KatcherTests.swift */ = {isa = PBXFileReference; lastKnownFileType = sourcecode.swift; path = Ketchup_KatcherTests.swift; sourceTree = "<group>"; };
		3F967A581CB5614C00B80CD4 /* Info.plist */ = {isa = PBXFileReference; lastKnownFileType = text.plist.xml; path = Info.plist; sourceTree = "<group>"; };
		3F967A5D1CB5614C00B80CD4 /* Ketchup KatcherUITests.xctest */ = {isa = PBXFileReference; explicitFileType = wrapper.cfbundle; includeInIndex = 0; path = "Ketchup KatcherUITests.xctest"; sourceTree = BUILT_PRODUCTS_DIR; };
		3F967A611CB5614C00B80CD4 /* Ketchup_KatcherUITests.swift */ = {isa = PBXFileReference; lastKnownFileType = sourcecode.swift; path = Ketchup_KatcherUITests.swift; sourceTree = "<group>"; };
		3F967A631CB5614C00B80CD4 /* Info.plist */ = {isa = PBXFileReference; lastKnownFileType = text.plist.xml; path = Info.plist; sourceTree = "<group>"; };
/* End PBXFileReference section */

/* Begin PBXFrameworksBuildPhase section */
		3F967A3B1CB5614C00B80CD4 /* Frameworks */ = {
			isa = PBXFrameworksBuildPhase;
			buildActionMask = 2147483647;
			files = (
			);
			runOnlyForDeploymentPostprocessing = 0;
		};
		3F967A4F1CB5614C00B80CD4 /* Frameworks */ = {
			isa = PBXFrameworksBuildPhase;
			buildActionMask = 2147483647;
			files = (
			);
			runOnlyForDeploymentPostprocessing = 0;
		};
		3F967A5A1CB5614C00B80CD4 /* Frameworks */ = {
			isa = PBXFrameworksBuildPhase;
			buildActionMask = 2147483647;
			files = (
			);
			runOnlyForDeploymentPostprocessing = 0;
		};
/* End PBXFrameworksBuildPhase section */

/* Begin PBXGroup section */
		3F967A351CB5614C00B80CD4 = {
			isa = PBXGroup;
			children = (
				3F967A401CB5614C00B80CD4 /* Ketchup Katcher */,
				3F967A551CB5614C00B80CD4 /* Ketchup KatcherTests */,
				3F967A601CB5614C00B80CD4 /* Ketchup KatcherUITests */,
				3F967A3F1CB5614C00B80CD4 /* Products */,
			);
			sourceTree = "<group>";
		};
		3F967A3F1CB5614C00B80CD4 /* Products */ = {
			isa = PBXGroup;
			children = (
				3F967A3E1CB5614C00B80CD4 /* Ketchup Katcher.app */,
				3F967A521CB5614C00B80CD4 /* Ketchup KatcherTests.xctest */,
				3F967A5D1CB5614C00B80CD4 /* Ketchup KatcherUITests.xctest */,
			);
			name = Products;
			sourceTree = "<group>";
		};
		3F967A401CB5614C00B80CD4 /* Ketchup Katcher */ = {
			isa = PBXGroup;
			children = (
				3F967A411CB5614C00B80CD4 /* AppDelegate.swift */,
				3F967A431CB5614C00B80CD4 /* ViewController.swift */,
				3F967A451CB5614C00B80CD4 /* Main.storyboard */,
				3F967A481CB5614C00B80CD4 /* Assets.xcassets */,
				3F967A4A1CB5614C00B80CD4 /* LaunchScreen.storyboard */,
				3F967A4D1CB5614C00B80CD4 /* Info.plist */,
			);
			path = "Ketchup Katcher";
			sourceTree = "<group>";
		};
		3F967A551CB5614C00B80CD4 /* Ketchup KatcherTests */ = {
			isa = PBXGroup;
			children = (
				3F967A561CB5614C00B80CD4 /* Ketchup_KatcherTests.swift */,
				3F967A581CB5614C00B80CD4 /* Info.plist */,
			);
			path = "Ketchup KatcherTests";
			sourceTree = "<group>";
		};
		3F967A601CB5614C00B80CD4 /* Ketchup KatcherUITests */ = {
			isa = PBXGroup;
			children = (
				3F967A611CB5614C00B80CD4 /* Ketchup_KatcherUITests.swift */,
				3F967A631CB5614C00B80CD4 /* Info.plist */,
			);
			path = "Ketchup KatcherUITests";
			sourceTree = "<group>";
		};
/* End PBXGroup section */

/* Begin PBXNativeTarget section */
		3F967A3D1CB5614C00B80CD4 /* Ketchup Katcher */ = {
			isa = PBXNativeTarget;
			buildConfigurationList = 3F967A661CB5614C00B80CD4 /* Build configuration list for PBXNativeTarget "Ketchup Katcher" */;
			buildPhases = (
				3F967A3A1CB5614C00B80CD4 /* Sources */,
				3F967A3B1CB5614C00B80CD4 /* Frameworks */,
				3F967A3C1CB5614C00B80CD4 /* Resources */,
			);
			buildRules = (
			);
			dependencies = (
			);
			name = "Ketchup Katcher";
			productName = "Ketchup Katcher";
			productReference = 3F967A3E1CB5614C00B80CD4 /* Ketchup Katcher.app */;
			productType = "com.apple.product-type.application";
		};
		3F967A511CB5614C00B80CD4 /* Ketchup KatcherTests */ = {
			isa = PBXNativeTarget;
			buildConfigurationList = 3F967A691CB5614C00B80CD4 /* Build configuration list for PBXNativeTarget "Ketchup KatcherTests" */;
			buildPhases = (
				3F967A4E1CB5614C00B80CD4 /* Sources */,
				3F967A4F1CB5614C00B80CD4 /* Frameworks */,
				3F967A501CB5614C00B80CD4 /* Resources */,
			);
			buildRules = (
			);
			dependencies = (
				3F967A541CB5614C00B80CD4 /* PBXTargetDependency */,
			);
			name = "Ketchup KatcherTests";
			productName = "Ketchup KatcherTests";
			productReference = 3F967A521CB5614C00B80CD4 /* Ketchup KatcherTests.xctest */;
			productType = "com.apple.product-type.bundle.unit-test";
		};
		3F967A5C1CB5614C00B80CD4 /* Ketchup KatcherUITests */ = {
			isa = PBXNativeTarget;
			buildConfigurationList = 3F967A6C1CB5614C00B80CD4 /* Build configuration list for PBXNativeTarget "Ketchup KatcherUITests" */;
			buildPhases = (
				3F967A591CB5614C00B80CD4 /* Sources */,
				3F967A5A1CB5614C00B80CD4 /* Frameworks */,
				3F967A5B1CB5614C00B80CD4 /* Resources */,
			);
			buildRules = (
			);
			dependencies = (
				3F967A5F1CB5614C00B80CD4 /* PBXTargetDependency */,
			);
			name = "Ketchup KatcherUITests";
			productName = "Ketchup KatcherUITests";
			productReference = 3F967A5D1CB5614C00B80CD4 /* Ketchup KatcherUITests.xctest */;
			productType = "com.apple.product-type.bundle.ui-testing";
		};
/* End PBXNativeTarget section */

/* Begin PBXProject section */
		3F967A361CB5614C00B80CD4 /* Project object */ = {
			isa = PBXProject;
			attributes = {
				LastSwiftUpdateCheck = 0730;
				LastUpgradeCheck = 0730;
				ORGANIZATIONNAME = "Quantum Apple";
				TargetAttributes = {
					3F967A3D1CB5614C00B80CD4 = {
						CreatedOnToolsVersion = 7.3;
						DevelopmentTeam = 6235ST4D52;
					};
					3F967A511CB5614C00B80CD4 = {
						CreatedOnToolsVersion = 7.3;
						DevelopmentTeam = 6235ST4D52;
						TestTargetID = 3F967A3D1CB5614C00B80CD4;
					};
					3F967A5C1CB5614C00B80CD4 = {
						CreatedOnToolsVersion = 7.3;
						DevelopmentTeam = 6235ST4D52;
						TestTargetID = 3F967A3D1CB5614C00B80CD4;
					};
				};
			};
			buildConfigurationList = 3F967A391CB5614C00B80CD4 /* Build configuration list for PBXProject "Ketchup Katcher" */;
			compatibilityVersion = "Xcode 3.2";
			developmentRegion = English;
			hasScannedForEncodings = 0;
			knownRegions = (
				en,
				Base,
			);
			mainGroup = 3F967A351CB5614C00B80CD4;
			productRefGroup = 3F967A3F1CB5614C00B80CD4 /* Products */;
			projectDirPath = "";
			projectRoot = "";
			targets = (
				3F967A3D1CB5614C00B80CD4 /* Ketchup Katcher */,
				3F967A511CB5614C00B80CD4 /* Ketchup KatcherTests */,
				3F967A5C1CB5614C00B80CD4 /* Ketchup KatcherUITests */,
			);
		};
/* End PBXProject section */

/* Begin PBXResourcesBuildPhase section */
		3F967A3C1CB5614C00B80CD4 /* Resources */ = {
			isa = PBXResourcesBuildPhase;
			buildActionMask = 2147483647;
			files = (
				3F967A4C1CB5614C00B80CD4 /* LaunchScreen.storyboard in Resources */,
				3F967A491CB5614C00B80CD4 /* Assets.xcassets in Resources */,
				3F967A471CB5614C00B80CD4 /* Main.storyboard in Resources */,
			);
			runOnlyForDeploymentPostprocessing = 0;
		};
		3F967A501CB5614C00B80CD4 /* Resources */ = {
			isa = PBXResourcesBuildPhase;
			buildActionMask = 2147483647;
			files = (
			);
			runOnlyForDeploymentPostprocessing = 0;
		};
		3F967A5B1CB5614C00B80CD4 /* Resources */ = {
			isa = PBXResourcesBuildPhase;
			buildActionMask = 2147483647;
			files = (
			);
			runOnlyForDeploymentPostprocessing = 0;
		};
/* End PBXResourcesBuildPhase section */

/* Begin PBXSourcesBuildPhase section */
		3F967A3A1CB5614C00B80CD4 /* Sources */ = {
			isa = PBXSourcesBuildPhase;
			buildActionMask = 2147483647;
			files = (
				3F967A441CB5614C00B80CD4 /* ViewController.swift in Sources */,
				3F967A421CB5614C00B80CD4 /* AppDelegate.swift in Sources */,
			);
			runOnlyForDeploymentPostprocessing = 0;
		};
		3F967A4E1CB5614C00B80CD4 /* Sources */ = {
			isa = PBXSourcesBuildPhase;
			buildActionMask = 2147483647;
			files = (
				3F967A571CB5614C00B80CD4 /* Ketchup_KatcherTests.swift in Sources */,
			);
			runOnlyForDeploymentPostprocessing = 0;
		};
		3F967A591CB5614C00B80CD4 /* Sources */ = {
			isa = PBXSourcesBuildPhase;
			buildActionMask = 2147483647;
			files = (
				3F967A621CB5614C00B80CD4 /* Ketchup_KatcherUITests.swift in Sources */,
			);
			runOnlyForDeploymentPostprocessing = 0;
		};
/* End PBXSourcesBuildPhase section */

/* Begin PBXTargetDependency section */
		3F967A541CB5614C00B80CD4 /* PBXTargetDependency */ = {
			isa = PBXTargetDependency;
			target = 3F967A3D1CB5614C00B80CD4 /* Ketchup Katcher */;
			targetProxy = 3F967A531CB5614C00B80CD4 /* PBXContainerItemProxy */;
		};
		3F967A5F1CB5614C00B80CD4 /* PBXTargetDependency */ = {
			isa = PBXTargetDependency;
			target = 3F967A3D1CB5614C00B80CD4 /* Ketchup Katcher */;
			targetProxy = 3F967A5E1CB5614C00B80CD4 /* PBXContainerItemProxy */;
		};
/* End PBXTargetDependency section */

/* Begin PBXVariantGroup section */
		3F967A451CB5614C00B80CD4 /* Main.storyboard */ = {
			isa = PBXVariantGroup;
			children = (
				3F967A461CB5614C00B80CD4 /* Base */,
			);
			name = Main.storyboard;
			sourceTree = "<group>";
		};
		3F967A4A1CB5614C00B80CD4 /* LaunchScreen.storyboard */ = {
			isa = PBXVariantGroup;
			children = (
				3F967A4B1CB5614C00B80CD4 /* Base */,
			);
			name = LaunchScreen.storyboard;
			sourceTree = "<group>";
		};
/* End PBXVariantGroup section */

/* Begin XCBuildConfiguration section */
		3F967A641CB5614C00B80CD4 /* Debug */ = {
			isa = XCBuildConfiguration;
			buildSettings = {
				ALWAYS_SEARCH_USER_PATHS = NO;
				CLANG_ANALYZER_NONNULL = YES;
				CLANG_CXX_LANGUAGE_STANDARD = "gnu++0x";
				CLANG_CXX_LIBRARY = "libc++";
				CLANG_ENABLE_MODULES = YES;
				CLANG_ENABLE_OBJC_ARC = YES;
				CLANG_WARN_BOOL_CONVERSION = YES;
				CLANG_WARN_CONSTANT_CONVERSION = YES;
				CLANG_WARN_DIRECT_OBJC_ISA_USAGE = YES_ERROR;
				CLANG_WARN_EMPTY_BODY = YES;
				CLANG_WARN_ENUM_CONVERSION = YES;
				CLANG_WARN_INT_CONVERSION = YES;
				CLANG_WARN_OBJC_ROOT_CLASS = YES_ERROR;
				CLANG_WARN_UNREACHABLE_CODE = YES;
				CLANG_WARN__DUPLICATE_METHOD_MATCH = YES;
				"CODE_SIGN_IDENTITY[sdk=iphoneos*]" = "iPhone Developer";
				COPY_PHASE_STRIP = NO;
				DEBUG_INFORMATION_FORMAT = dwarf;
				ENABLE_STRICT_OBJC_MSGSEND = YES;
				ENABLE_TESTABILITY = YES;
				GCC_C_LANGUAGE_STANDARD = gnu99;
				GCC_DYNAMIC_NO_PIC = NO;
				GCC_NO_COMMON_BLOCKS = YES;
				GCC_OPTIMIZATION_LEVEL = 0;
				GCC_PREPROCESSOR_DEFINITIONS = (
					"DEBUG=1",
					"$(inherited)",
				);
				GCC_WARN_64_TO_32_BIT_CONVERSION = YES;
				GCC_WARN_ABOUT_RETURN_TYPE = YES_ERROR;
				GCC_WARN_UNDECLARED_SELECTOR = YES;
				GCC_WARN_UNINITIALIZED_AUTOS = YES_AGGRESSIVE;
				GCC_WARN_UNUSED_FUNCTION = YES;
				GCC_WARN_UNUSED_VARIABLE = YES;
				IPHONEOS_DEPLOYMENT_TARGET = 9.3;
				MTL_ENABLE_DEBUG_INFO = YES;
				ONLY_ACTIVE_ARCH = YES;
				SDKROOT = iphoneos;
				SWIFT_OPTIMIZATION_LEVEL = "-Onone";
				TARGETED_DEVICE_FAMILY = "1,2";
			};
			name = Debug;
		};
		3F967A651CB5614C00B80CD4 /* Release */ = {
			isa = XCBuildConfiguration;
			buildSettings = {
				ALWAYS_SEARCH_USER_PATHS = NO;
				CLANG_ANALYZER_NONNULL = YES;
				CLANG_CXX_LANGUAGE_STANDARD = "gnu++0x";
				CLANG_CXX_LIBRARY = "libc++";
				CLANG_ENABLE_MODULES = YES;
				CLANG_ENABLE_OBJC_ARC = YES;
				CLANG_WARN_BOOL_CONVERSION = YES;
				CLANG_WARN_CONSTANT_CONVERSION = YES;
				CLANG_WARN_DIRECT_OBJC_ISA_USAGE = YES_ERROR;
				CLANG_WARN_EMPTY_BODY = YES;
				CLANG_WARN_ENUM_CONVERSION = YES;
				CLANG_WARN_INT_CONVERSION = YES;
				CLANG_WARN_OBJC_ROOT_CLASS = YES_ERROR;
				CLANG_WARN_UNREACHABLE_CODE = YES;
				CLANG_WARN__DUPLICATE_METHOD_MATCH = YES;
				"CODE_SIGN_IDENTITY[sdk=iphoneos*]" = "iPhone Developer";
				COPY_PHASE_STRIP = NO;
				DEBUG_INFORMATION_FORMAT = "dwarf-with-dsym";
				ENABLE_NS_ASSERTIONS = NO;
				ENABLE_STRICT_OBJC_MSGSEND = YES;
				GCC_C_LANGUAGE_STANDARD = gnu99;
				GCC_NO_COMMON_BLOCKS = YES;
				GCC_WARN_64_TO_32_BIT_CONVERSION = YES;
				GCC_WARN_ABOUT_RETURN_TYPE = YES_ERROR;
				GCC_WARN_UNDECLARED_SELECTOR = YES;
				GCC_WARN_UNINITIALIZED_AUTOS = YES_AGGRESSIVE;
				GCC_WARN_UNUSED_FUNCTION = YES;
				GCC_WARN_UNUSED_VARIABLE = YES;
				IPHONEOS_DEPLOYMENT_TARGET = 9.3;
				MTL_ENABLE_DEBUG_INFO = NO;
				SDKROOT = iphoneos;
				TARGETED_DEVICE_FAMILY = "1,2";
				VALIDATE_PRODUCT = YES;
			};
			name = Release;
		};
		3F967A671CB5614C00B80CD4 /* Debug */ = {
			isa = XCBuildConfiguration;
			buildSettings = {
				ASSETCATALOG_COMPILER_APPICON_NAME = AppIcon;
				INFOPLIST_FILE = "Ketchup Katcher/Info.plist";
				LD_RUNPATH_SEARCH_PATHS = "$(inherited) @executable_path/Frameworks";
				PRODUCT_BUNDLE_IDENTIFIER = "Quantum-Apple.Ketchup-Katcher";
				PRODUCT_NAME = "$(TARGET_NAME)";
			};
			name = Debug;
		};
		3F967A681CB5614C00B80CD4 /* Release */ = {
			isa = XCBuildConfiguration;
			buildSettings = {
				ASSETCATALOG_COMPILER_APPICON_NAME = AppIcon;
				INFOPLIST_FILE = "Ketchup Katcher/Info.plist";
				LD_RUNPATH_SEARCH_PATHS = "$(inherited) @executable_path/Frameworks";
				PRODUCT_BUNDLE_IDENTIFIER = "Quantum-Apple.Ketchup-Katcher";
				PRODUCT_NAME = "$(TARGET_NAME)";
			};
			name = Release;
		};
		3F967A6A1CB5614C00B80CD4 /* Debug */ = {
			isa = XCBuildConfiguration;
			buildSettings = {
				BUNDLE_LOADER = "$(TEST_HOST)";
				INFOPLIST_FILE = "Ketchup KatcherTests/Info.plist";
				LD_RUNPATH_SEARCH_PATHS = "$(inherited) @executable_path/Frameworks @loader_path/Frameworks";
				PRODUCT_BUNDLE_IDENTIFIER = "Quantum-Apple.Ketchup-KatcherTests";
				PRODUCT_NAME = "$(TARGET_NAME)";
				TEST_HOST = "$(BUILT_PRODUCTS_DIR)/Ketchup Katcher.app/Ketchup Katcher";
			};
			name = Debug;
		};
		3F967A6B1CB5614C00B80CD4 /* Release */ = {
			isa = XCBuildConfiguration;
			buildSettings = {
				BUNDLE_LOADER = "$(TEST_HOST)";
				INFOPLIST_FILE = "Ketchup KatcherTests/Info.plist";
				LD_RUNPATH_SEARCH_PATHS = "$(inherited) @executable_path/Frameworks @loader_path/Frameworks";
				PRODUCT_BUNDLE_IDENTIFIER = "Quantum-Apple.Ketchup-KatcherTests";
				PRODUCT_NAME = "$(TARGET_NAME)";
				TEST_HOST = "$(BUILT_PRODUCTS_DIR)/Ketchup Katcher.app/Ketchup Katcher";
			};
			name = Release;
		};
		3F967A6D1CB5614C00B80CD4 /* Debug */ = {
			isa = XCBuildConfiguration;
			buildSettings = {
				INFOPLIST_FILE = "Ketchup KatcherUITests/Info.plist";
				LD_RUNPATH_SEARCH_PATHS = "$(inherited) @executable_path/Frameworks @loader_path/Frameworks";
				PRODUCT_BUNDLE_IDENTIFIER = "Quantum-Apple.Ketchup-KatcherUITests";
				PRODUCT_NAME = "$(TARGET_NAME)";
				TEST_TARGET_NAME = "Ketchup Katcher";
			};
			name = Debug;
		};
		3F967A6E1CB5614C00B80CD4 /* Release */ = {
			isa = XCBuildConfiguration;
			buildSettings = {
				INFOPLIST_FILE = "Ketchup KatcherUITests/Info.plist";
				LD_RUNPATH_SEARCH_PATHS = "$(inherited) @executable_path/Frameworks @loader_path/Frameworks";
				PRODUCT_BUNDLE_IDENTIFIER = "Quantum-Apple.Ketchup-KatcherUITests";
				PRODUCT_NAME = "$(TARGET_NAME)";
				TEST_TARGET_NAME = "Ketchup Katcher";
			};
			name = Release;
		};
/* End XCBuildConfiguration section */

/* Begin XCConfigurationList section */
		3F967A391CB5614C00B80CD4 /* Build configuration list for PBXProject "Ketchup Katcher" */ = {
			isa = XCConfigurationList;
			buildConfigurations = (
				3F967A641CB5614C00B80CD4 /* Debug */,
				3F967A651CB5614C00B80CD4 /* Release */,
			);
			defaultConfigurationIsVisible = 0;
			defaultConfigurationName = Release;
		};
		3F967A661CB5614C00B80CD4 /* Build configuration list for PBXNativeTarget "Ketchup Katcher" */ = {
			isa = XCConfigurationList;
			buildConfigurations = (
				3F967A671CB5614C00B80CD4 /* Debug */,
				3F967A681CB5614C00B80CD4 /* Release */,
			);
			defaultConfigurationIsVisible = 0;
		};
		3F967A691CB5614C00B80CD4 /* Build configuration list for PBXNativeTarget "Ketchup KatcherTests" */ = {
			isa = XCConfigurationList;
			buildConfigurations = (
				3F967A6A1CB5614C00B80CD4 /* Debug */,
				3F967A6B1CB5614C00B80CD4 /* Release */,
			);
			defaultConfigurationIsVisible = 0;
		};
		3F967A6C1CB5614C00B80CD4 /* Build configuration list for PBXNativeTarget "Ketchup KatcherUITests" */ = {
			isa = XCConfigurationList;
			buildConfigurations = (
				3F967A6D1CB5614C00B80CD4 /* Debug */,
				3F967A6E1CB5614C00B80CD4 /* Release */,
			);
			defaultConfigurationIsVisible = 0;
		};
/* End XCConfigurationList section */
	};
	rootObject = 3F967A361CB5614C00B80CD4 /* Project object */;
}
